{
  "name": "scholarhq",
  "version": "1.0.0",
  "lockfileVersion": 3,
  "requires": true,
  "packages": {
    "": {
      "name": "scholarhq",
      "version": "1.0.0",
      "bin": {
        "scholar": "scripts/scholar.js"
      },
      "engines": {
        "node": ">=18"
      },
      "main": "server/server.js"
    }
  }
}
